// !$*UTF8*$!
{
	archiveVersion = 1;
	classes = {
	};
	objectVersion = 56;
	objects = {

/* Begin PBXBuildFile section */
		BE3BAE5C2A6BB8C10074FF43 /* HelmetWorldApp.swift in Sources */ = {isa = PBXBuildFile; fileRef = BE3BAE5B2A6BB8C10074FF43 /* HelmetWorldApp.swift */; };
		BE3BAE5E2A6BB8C10074FF43 /* ContentView.swift in Sources */ = {isa = PBXBuildFile; fileRef = BE3BAE5D2A6BB8C10074FF43 /* ContentView.swift */; };
		BE3BAE602A6BB8C20074FF43 /* Assets.xcassets in Resources */ = {isa = PBXBuildFile; fileRef = BE3BAE5F2A6BB8C20074FF43 /* Assets.xcassets */; };
		BE3BAE632A6BB8C20074FF43 /* Preview Assets.xcassets in Resources */ = {isa = PBXBuildFile; fileRef = BE3BAE622A6BB8C20074FF43 /* Preview Assets.xcassets */; };
		BE3BAE6E2A6BBAB00074FF43 /* category.json in Resources */ = {isa = PBXBuildFile; fileRef = BE3BAE6A2A6BBAB00074FF43 /* category.json */; };
		BE3BAE6F2A6BBAB00074FF43 /* product.json in Resources */ = {isa = PBXBuildFile; fileRef = BE3BAE6B2A6BBAB00074FF43 /* product.json */; };
		BE3BAE702A6BBAB00074FF43 /* brand.json in Resources */ = {isa = PBXBuildFile; fileRef = BE3BAE6C2A6BBAB00074FF43 /* brand.json */; };
		BE3BAE712A6BBAB00074FF43 /* player.json in Resources */ = {isa = PBXBuildFile; fileRef = BE3BAE6D2A6BBAB00074FF43 /* player.json */; };
/* End PBXBuildFile section */

/* Begin PBXFileReference section */
		BE3BAE582A6BB8C10074FF43 /* HelmetWorld.app */ = {isa = PBXFileReference; explicitFileType = wrapper.application; includeInIndex = 0; path = HelmetWorld.app; sourceTree = BUILT_PRODUCTS_DIR; };
		BE3BAE5B2A6BB8C10074FF43 /* HelmetWorldApp.swift */ = {isa = PBXFileReference; lastKnownFileType = sourcecode.swift; path = HelmetWorldApp.swift; sourceTree = "<group>"; };
		BE3BAE5D2A6BB8C10074FF43 /* ContentView.swift */ = {isa = PBXFileReference; lastKnownFileType = sourcecode.swift; path = ContentView.swift; sourceTree = "<group>"; };
		BE3BAE5F2A6BB8C20074FF43 /* Assets.xcassets */ = {isa = PBXFileReference; lastKnownFileType = folder.assetcatalog; path = Assets.xcassets; sourceTree = "<group>"; };
		BE3BAE622A6BB8C20074FF43 /* Preview Assets.xcassets */ = {isa = PBXFileReference; lastKnownFileType = folder.assetcatalog; path = "Preview Assets.xcassets"; sourceTree = "<group>"; };
		BE3BAE6A2A6BBAB00074FF43 /* category.json */ = {isa = PBXFileReference; fileEncoding = 4; lastKnownFileType = text.json; path = category.json; sourceTree = "<group>"; };
		BE3BAE6B2A6BBAB00074FF43 /* product.json */ = {isa = PBXFileReference; fileEncoding = 4; lastKnownFileType = text.json; path = product.json; sourceTree = "<group>"; };
		BE3BAE6C2A6BBAB00074FF43 /* brand.json */ = {isa = PBXFileReference; fileEncoding = 4; lastKnownFileType = text.json; path = brand.json; sourceTree = "<group>"; };
		BE3BAE6D2A6BBAB00074FF43 /* player.json */ = {isa = PBXFileReference; fileEncoding = 4; lastKnownFileType = text.json; path = player.json; sourceTree = "<group>"; };
/* End PBXFileReference section */

/* Begin PBXFrameworksBuildPhase section */
		BE3BAE552A6BB8C10074FF43 /* Frameworks */ = {
			isa = PBXFrameworksBuildPhase;
			buildActionMask = 2147483647;
			files = (
			);
			runOnlyForDeploymentPostprocessing = 0;
		};
/* End PBXFrameworksBuildPhase section */

/* Begin PBXGroup section */
		BE3BAE4F2A6BB8C00074FF43 = {
			isa = PBXGroup;
			children = (
				BE3BAE5A2A6BB8C10074FF43 /* HelmetWorld */,
				BE3BAE592A6BB8C10074FF43 /* Products */,
			);
			sourceTree = "<group>";
		};
		BE3BAE592A6BB8C10074FF43 /* Products */ = {
			isa = PBXGroup;
			children = (
				BE3BAE582A6BB8C10074FF43 /* HelmetWorld.app */,
			);
			name = Products;
			sourceTree = "<group>";
		};
		BE3BAE5A2A6BB8C10074FF43 /* HelmetWorld */ = {
			isa = PBXGroup;
			children = (
				BE3BAE692A6BBA8B0074FF43 /* Data */,
				BE3BAE5B2A6BB8C10074FF43 /* HelmetWorldApp.swift */,
				BE3BAE5D2A6BB8C10074FF43 /* ContentView.swift */,
				BE3BAE5F2A6BB8C20074FF43 /* Assets.xcassets */,
				BE3BAE612A6BB8C20074FF43 /* Preview Content */,
			);
			path = HelmetWorld;
			sourceTree = "<group>";
		};
		BE3BAE612A6BB8C20074FF43 /* Preview Content */ = {
			isa = PBXGroup;
			children = (
				BE3BAE622A6BB8C20074FF43 /* Preview Assets.xcassets */,
			);
			path = "Preview Content";
			sourceTree = "<group>";
		};
		BE3BAE692A6BBA8B0074FF43 /* Data */ = {
			isa = PBXGroup;
			children = (
				BE3BAE6C2A6BBAB00074FF43 /* brand.json */,
				BE3BAE6A2A6BBAB00074FF43 /* category.json */,
				BE3BAE6D2A6BBAB00074FF43 /* player.json */,
				BE3BAE6B2A6BBAB00074FF43 /* product.json */,
			);
			path = Data;
			sourceTree = "<group>";
		};
/* End PBXGroup section */

/* Begin PBXNativeTarget section */
		BE3BAE572A6BB8C10074FF43 /* HelmetWorld */ = {
			isa = PBXNativeTarget;
			buildConfigurationList = BE3BAE662A6BB8C20074FF43 /* Build configuration list for PBXNativeTarget "HelmetWorld" */;
			buildPhases = (
				BE3BAE542A6BB8C10074FF43 /* Sources */,
				BE3BAE552A6BB8C10074FF43 /* Frameworks */,
				BE3BAE562A6BB8C10074FF43 /* Resources */,
			);
			buildRules = (
			);
			dependencies = (
			);
			name = HelmetWorld;
			productName = HelmetWorld;
			productReference = BE3BAE582A6BB8C10074FF43 /* HelmetWorld.app */;
			productType = "com.apple.product-type.application";
		};
/* End PBXNativeTarget section */

/* Begin PBXProject section */
		BE3BAE502A6BB8C00074FF43 /* Project object */ = {
			isa = PBXProject;
			attributes = {
				BuildIndependentTargetsInParallel = 1;
				LastSwiftUpdateCheck = 1430;
				LastUpgradeCheck = 1430;
				TargetAttributes = {
					BE3BAE572A6BB8C10074FF43 = {
						CreatedOnToolsVersion = 14.3.1;
					};
				};
			};
			buildConfigurationList = BE3BAE532A6BB8C00074FF43 /* Build configuration list for PBXProject "HelmetWorld" */;
			compatibilityVersion = "Xcode 14.0";
			developmentRegion = en;
			hasScannedForEncodings = 0;
			knownRegions = (
				en,
				Base,
			);
			mainGroup = BE3BAE4F2A6BB8C00074FF43;
			productRefGroup = BE3BAE592A6BB8C10074FF43 /* Products */;
			projectDirPath = "";
			projectRoot = "";
			targets = (
				BE3BAE572A6BB8C10074FF43 /* HelmetWorld */,
			);
		};
/* End PBXProject section */

/* Begin PBXResourcesBuildPhase section */
		BE3BAE562A6BB8C10074FF43 /* Resources */ = {
			isa = PBXResourcesBuildPhase;
			buildActionMask = 2147483647;
			files = (
				BE3BAE712A6BBAB00074FF43 /* player.json in Resources */,
				BE3BAE6E2A6BBAB00074FF43 /* category.json in Resources */,
				BE3BAE702A6BBAB00074FF43 /* brand.json in Resources */,
				BE3BAE6F2A6BBAB00074FF43 /* product.json in Resources */,
				BE3BAE632A6BB8C20074FF43 /* Preview Assets.xcassets in Resources */,
				BE3BAE602A6BB8C20074FF43 /* Assets.xcassets in Resources */,
			);
			runOnlyForDeploymentPostprocessing = 0;
		};
/* End PBXResourcesBuildPhase section */

/* Begin PBXSourcesBuildPhase section */
		BE3BAE542A6BB8C10074FF43 /* Sources */ = {
			isa = PBXSourcesBuildPhase;
			buildActionMask = 2147483647;
			files = (
				BE3BAE5E2A6BB8C10074FF43 /* ContentView.swift in Sources */,
				BE3BAE5C2A6BB8C10074FF43 /* HelmetWorldApp.swift in Sources */,
			);
			runOnlyForDeploymentPostprocessing = 0;
		};
/* End PBXSourcesBuildPhase section */

/* Begin XCBuildConfiguration section */
		BE3BAE642A6BB8C20074FF43 /* Debug */ = {
			isa = XCBuildConfiguration;
			buildSettings = {
				ALWAYS_SEARCH_USER_PATHS = NO;
				CLANG_ANALYZER_NONNULL = YES;
				CLANG_ANALYZER_NUMBER_OBJECT_CONVERSION = YES_AGGRESSIVE;
				CLANG_CXX_LANGUAGE_STANDARD = "gnu++20";
				CLANG_ENABLE_MODULES = YES;
				CLANG_ENABLE_OBJC_ARC = YES;
				CLANG_ENABLE_OBJC_WEAK = YES;
				CLANG_WARN_BLOCK_CAPTURE_AUTORELEASING = YES;
				CLANG_WARN_BOOL_CONVERSION = YES;
				CLANG_WARN_COMMA = YES;
				CLANG_WARN_CONSTANT_CONVERSION = YES;
				CLANG_WARN_DEPRECATED_OBJC_IMPLEMENTATIONS = YES;
				CLANG_WARN_DIRECT_OBJC_ISA_USAGE = YES_ERROR;
				CLANG_WARN_DOCUMENTATION_COMMENTS = YES;
				CLANG_WARN_EMPTY_BODY = YES;
				CLANG_WARN_ENUM_CONVERSION = YES;
				CLANG_WARN_INFINITE_RECURSION = YES;
				CLANG_WARN_INT_CONVERSION = YES;
				CLANG_WARN_NON_LITERAL_NULL_CONVERSION = YES;
				CLANG_WARN_OBJC_IMPLICIT_RETAIN_SELF = YES;
				CLANG_WARN_OBJC_LITERAL_CONVERSION = YES;
				CLANG_WARN_OBJC_ROOT_CLASS = YES_ERROR;
				CLANG_WARN_QUOTED_INCLUDE_IN_FRAMEWORK_HEADER = YES;
				CLANG_WARN_RANGE_LOOP_ANALYSIS = YES;
				CLANG_WARN_STRICT_PROTOTYPES = YES;
				CLANG_WARN_SUSPICIOUS_MOVE = YES;
				CLANG_WARN_UNGUARDED_AVAILABILITY = YES_AGGRESSIVE;
				CLANG_WARN_UNREACHABLE_CODE = YES;
				CLANG_WARN__DUPLICATE_METHOD_MATCH = YES;
				COPY_PHASE_STRIP = NO;
				DEBUG_INFORMATION_FORMAT = dwarf;
				ENABLE_STRICT_OBJC_MSGSEND = YES;
				ENABLE_TESTABILITY = YES;
				GCC_C_LANGUAGE_STANDARD = gnu11;
				GCC_DYNAMIC_NO_PIC = NO;
				GCC_NO_COMMON_BLOCKS = YES;
				GCC_OPTIMIZATION_LEVEL = 0;
				GCC_PREPROCESSOR_DEFINITIONS = (
					"DEBUG=1",
					"$(inherited)",
				);
				GCC_WARN_64_TO_32_BIT_CONVERSION = YES;
				GCC_WARN_ABOUT_RETURN_TYPE = YES_ERROR;
				GCC_WARN_UNDECLARED_SELECTOR = YES;
				GCC_WARN_UNINITIALIZED_AUTOS = YES_AGGRESSIVE;
				GCC_WARN_UNUSED_FUNCTION = YES;
				GCC_WARN_UNUSED_VARIABLE = YES;
				IPHONEOS_DEPLOYMENT_TARGET = 16.4;
				MTL_ENABLE_DEBUG_INFO = INCLUDE_SOURCE;
				MTL_FAST_MATH = YES;
				ONLY_ACTIVE_ARCH = YES;
				SDKROOT = iphoneos;
				SWIFT_ACTIVE_COMPILATION_CONDITIONS = DEBUG;
				SWIFT_OPTIMIZATION_LEVEL = "-Onone";
			};
			name = Debug;
		};
		BE3BAE652A6BB8C20074FF43 /* Release */ = {
			isa = XCBuildConfiguration;
			buildSettings = {
				ALWAYS_SEARCH_USER_PATHS = NO;
				CLANG_ANALYZER_NONNULL = YES;
				CLANG_ANALYZER_NUMBER_OBJECT_CONVERSION = YES_AGGRESSIVE;
				CLANG_CXX_LANGUAGE_STANDARD = "gnu++20";
				CLANG_ENABLE_MODULES = YES;
				CLANG_ENABLE_OBJC_ARC = YES;
				CLANG_ENABLE_OBJC_WEAK = YES;
				CLANG_WARN_BLOCK_CAPTURE_AUTORELEASING = YES;
				CLANG_WARN_BOOL_CONVERSION = YES;
				CLANG_WARN_COMMA = YES;
				CLANG_WARN_CONSTANT_CONVERSION = YES;
				CLANG_WARN_DEPRECATED_OBJC_IMPLEMENTATIONS = YES;
				CLANG_WARN_DIRECT_OBJC_ISA_USAGE = YES_ERROR;
				CLANG_WARN_DOCUMENTATION_COMMENTS = YES;
				CLANG_WARN_EMPTY_BODY = YES;
				CLANG_WARN_ENUM_CONVERSION = YES;
				CLANG_WARN_INFINITE_RECURSION = YES;
				CLANG_WARN_INT_CONVERSION = YES;
				CLANG_WARN_NON_LITERAL_NULL_CONVERSION = YES;
				CLANG_WARN_OBJC_IMPLICIT_RETAIN_SELF = YES;
				CLANG_WARN_OBJC_LITERAL_CONVERSION = YES;
				CLANG_WARN_OBJC_ROOT_CLASS = YES_ERROR;
				CLANG_WARN_QUOTED_INCLUDE_IN_FRAMEWORK_HEADER = YES;
				CLANG_WARN_RANGE_LOOP_ANALYSIS = YES;
				CLANG_WARN_STRICT_PROTOTYPES = YES;
				CLANG_WARN_SUSPICIOUS_MOVE = YES;
				CLANG_WARN_UNGUARDED_AVAILABILITY = YES_AGGRESSIVE;
				CLANG_WARN_UNREACHABLE_CODE = YES;
				CLANG_WARN__DUPLICATE_METHOD_MATCH = YES;
				COPY_PHASE_STRIP = NO;
				DEBUG_INFORMATION_FORMAT = "dwarf-with-dsym";
				ENABLE_NS_ASSERTIONS = NO;
				ENABLE_STRICT_OBJC_MSGSEND = YES;
				GCC_C_LANGUAGE_STANDARD = gnu11;
				GCC_NO_COMMON_BLOCKS = YES;
				GCC_WARN_64_TO_32_BIT_CONVERSION = YES;
				GCC_WARN_ABOUT_RETURN_TYPE = YES_ERROR;
				GCC_WARN_UNDECLARED_SELECTOR = YES;
				GCC_WARN_UNINITIALIZED_AUTOS = YES_AGGRESSIVE;
				GCC_WARN_UNUSED_FUNCTION = YES;
				GCC_WARN_UNUSED_VARIABLE = YES;
				IPHONEOS_DEPLOYMENT_TARGET = 16.4;
				MTL_ENABLE_DEBUG_INFO = NO;
				MTL_FAST_MATH = YES;
				SDKROOT = iphoneos;
				SWIFT_COMPILATION_MODE = wholemodule;
				SWIFT_OPTIMIZATION_LEVEL = "-O";
				VALIDATE_PRODUCT = YES;
			};
			name = Release;
		};
		BE3BAE672A6BB8C20074FF43 /* Debug */ = {
			isa = XCBuildConfiguration;
			buildSettings = {
				ASSETCATALOG_COMPILER_APPICON_NAME = AppIcon;
				ASSETCATALOG_COMPILER_GLOBAL_ACCENT_COLOR_NAME = AccentColor;
				CODE_SIGN_STYLE = Automatic;
				CURRENT_PROJECT_VERSION = 1;
				DEVELOPMENT_ASSET_PATHS = "\"HelmetWorld/Preview Content\"";
				DEVELOPMENT_TEAM = TB9FQULP95;
				ENABLE_PREVIEWS = YES;
				GENERATE_INFOPLIST_FILE = YES;
				INFOPLIST_KEY_UIApplicationSceneManifest_Generation = YES;
				INFOPLIST_KEY_UIApplicationSupportsIndirectInputEvents = YES;
				INFOPLIST_KEY_UILaunchScreen_Generation = YES;
				INFOPLIST_KEY_UISupportedInterfaceOrientations_iPad = "UIInterfaceOrientationPortrait UIInterfaceOrientationPortraitUpsideDown UIInterfaceOrientationLandscapeLeft UIInterfaceOrientationLandscapeRight";
				INFOPLIST_KEY_UISupportedInterfaceOrientations_iPhone = "UIInterfaceOrientationPortrait UIInterfaceOrientationLandscapeLeft UIInterfaceOrientationLandscapeRight";
				LD_RUNPATH_SEARCH_PATHS = (
					"$(inherited)",
					"@executable_path/Frameworks",
				);
				MARKETING_VERSION = 1.0;
				PRODUCT_BUNDLE_IDENTIFIER = com.vedatozlu.HelmetWorld;
				PRODUCT_NAME = "$(TARGET_NAME)";
				SWIFT_EMIT_LOC_STRINGS = YES;
				SWIFT_VERSION = 5.0;
				TARGETED_DEVICE_FAMILY = "1,2";
			};
			name = Debug;
		};
		BE3BAE682A6BB8C20074FF43 /* Release */ = {
			isa = XCBuildConfiguration;
			buildSettings = {
				ASSETCATALOG_COMPILER_APPICON_NAME = AppIcon;
				ASSETCATALOG_COMPILER_GLOBAL_ACCENT_COLOR_NAME = AccentColor;
				CODE_SIGN_STYLE = Automatic;
				CURRENT_PROJECT_VERSION = 1;
				DEVELOPMENT_ASSET_PATHS = "\"HelmetWorld/Preview Content\"";
				DEVELOPMENT_TEAM = TB9FQULP95;
				ENABLE_PREVIEWS = YES;
				GENERATE_INFOPLIST_FILE = YES;
				INFOPLIST_KEY_UIApplicationSceneManifest_Generation = YES;
				INFOPLIST_KEY_UIApplicationSupportsIndirectInputEvents = YES;
				INFOPLIST_KEY_UILaunchScreen_Generation = YES;
				INFOPLIST_KEY_UISupportedInterfaceOrientations_iPad = "UIInterfaceOrientationPortrait UIInterfaceOrientationPortraitUpsideDown UIInterfaceOrientationLandscapeLeft UIInterfaceOrientationLandscapeRight";
				INFOPLIST_KEY_UISupportedInterfaceOrientations_iPhone = "UIInterfaceOrientationPortrait UIInterfaceOrientationLandscapeLeft UIInterfaceOrientationLandscapeRight";
				LD_RUNPATH_SEARCH_PATHS = (
					"$(inherited)",
					"@executable_path/Frameworks",
				);
				MARKETING_VERSION = 1.0;
				PRODUCT_BUNDLE_IDENTIFIER = com.vedatozlu.HelmetWorld;
				PRODUCT_NAME = "$(TARGET_NAME)";
				SWIFT_EMIT_LOC_STRINGS = YES;
				SWIFT_VERSION = 5.0;
				TARGETED_DEVICE_FAMILY = "1,2";
			};
			name = Release;
		};
/* End XCBuildConfiguration section */

/* Begin XCConfigurationList section */
		BE3BAE532A6BB8C00074FF43 /* Build configuration list for PBXProject "HelmetWorld" */ = {
			isa = XCConfigurationList;
			buildConfigurations = (
				BE3BAE642A6BB8C20074FF43 /* Debug */,
				BE3BAE652A6BB8C20074FF43 /* Release */,
			);
			defaultConfigurationIsVisible = 0;
			defaultConfigurationName = Release;
		};
		BE3BAE662A6BB8C20074FF43 /* Build configuration list for PBXNativeTarget "HelmetWorld" */ = {
			isa = XCConfigurationList;
			buildConfigurations = (
				BE3BAE672A6BB8C20074FF43 /* Debug */,
				BE3BAE682A6BB8C20074FF43 /* Release */,
			);
			defaultConfigurationIsVisible = 0;
			defaultConfigurationName = Release;
		};
/* End XCConfigurationList section */
	};
	rootObject = BE3BAE502A6BB8C00074FF43 /* Project object */;
}
