// !$*UTF8*$!
{
	archiveVersion = 1;
	classes = {
	};
	objectVersion = 56;
	objects = {

/* Begin PBXBuildFile section */
		BE3BAE5C2A6BB8C10074FF43 /* AFootballStoreApp.swift in Sources */ = {isa = PBXBuildFile; fileRef = BE3BAE5B2A6BB8C10074FF43 /* AFootballStoreApp.swift */; };
		BE3BAE5E2A6BB8C10074FF43 /* ContentView.swift in Sources */ = {isa = PBXBuildFile; fileRef = BE3BAE5D2A6BB8C10074FF43 /* ContentView.swift */; };
		BE3BAE602A6BB8C20074FF43 /* Assets.xcassets in Resources */ = {isa = PBXBuildFile; fileRef = BE3BAE5F2A6BB8C20074FF43 /* Assets.xcassets */; };
		BE3BAE632A6BB8C20074FF43 /* Preview Assets.xcassets in Resources */ = {isa = PBXBuildFile; fileRef = BE3BAE622A6BB8C20074FF43 /* Preview Assets.xcassets */; };
		BE3BAE6E2A6BBAB00074FF43 /* category.json in Resources */ = {isa = PBXBuildFile; fileRef = BE3BAE6A2A6BBAB00074FF43 /* category.json */; };
		BE3BAE6F2A6BBAB00074FF43 /* product.json in Resources */ = {isa = PBXBuildFile; fileRef = BE3BAE6B2A6BBAB00074FF43 /* product.json */; };
		BE3BAE702A6BBAB00074FF43 /* brand.json in Resources */ = {isa = PBXBuildFile; fileRef = BE3BAE6C2A6BBAB00074FF43 /* brand.json */; };
		BE3BAE712A6BBAB00074FF43 /* player.json in Resources */ = {isa = PBXBuildFile; fileRef = BE3BAE6D2A6BBAB00074FF43 /* player.json */; };
		BE3BAE7B2A6BBBE60074FF43 /* Constant.swift in Sources */ = {isa = PBXBuildFile; fileRef = BE3BAE7A2A6BBBE60074FF43 /* Constant.swift */; };
		BE3BAE7D2A6BBC6B0074FF43 /* FooterView.swift in Sources */ = {isa = PBXBuildFile; fileRef = BE3BAE7C2A6BBC6B0074FF43 /* FooterView.swift */; };
		BE3BAE7F2A6BBEF60074FF43 /* NavigationBarView.swift in Sources */ = {isa = PBXBuildFile; fileRef = BE3BAE7E2A6BBEF60074FF43 /* NavigationBarView.swift */; };
		BE3BAE812A6BBFFB0074FF43 /* LogoView.swift in Sources */ = {isa = PBXBuildFile; fileRef = BE3BAE802A6BBFFB0074FF43 /* LogoView.swift */; };
		BE3BAE832A6BC59B0074FF43 /* SafeAreaInsets.swift in Sources */ = {isa = PBXBuildFile; fileRef = BE3BAE822A6BC59B0074FF43 /* SafeAreaInsets.swift */; };
		BE3BAE852A6BD05E0074FF43 /* PlayerModel.swift in Sources */ = {isa = PBXBuildFile; fileRef = BE3BAE842A6BD05E0074FF43 /* PlayerModel.swift */; };
		BE3BAE872A6BD0830074FF43 /* CodableBundleExtension.swift in Sources */ = {isa = PBXBuildFile; fileRef = BE3BAE862A6BD0830074FF43 /* CodableBundleExtension.swift */; };
		BE3BAE892A6BD1E30074FF43 /* FeaturedItemView.swift in Sources */ = {isa = PBXBuildFile; fileRef = BE3BAE882A6BD1E30074FF43 /* FeaturedItemView.swift */; };
		BE3BAE8B2A6BD24E0074FF43 /* FeaturedTabView.swift in Sources */ = {isa = PBXBuildFile; fileRef = BE3BAE8A2A6BD24E0074FF43 /* FeaturedTabView.swift */; };
		BE3BAE8D2A6BD6F00074FF43 /* CategoryModel.swift in Sources */ = {isa = PBXBuildFile; fileRef = BE3BAE8C2A6BD6F00074FF43 /* CategoryModel.swift */; };
		BE3BAE8F2A6BD7AE0074FF43 /* CategoryItemView.swift in Sources */ = {isa = PBXBuildFile; fileRef = BE3BAE8E2A6BD7AE0074FF43 /* CategoryItemView.swift */; };
		BE3BAE912A6BD8FC0074FF43 /* CategoryGridView.swift in Sources */ = {isa = PBXBuildFile; fileRef = BE3BAE902A6BD8FC0074FF43 /* CategoryGridView.swift */; };
		BE3BAE932A6BDA940074FF43 /* SectionView.swift in Sources */ = {isa = PBXBuildFile; fileRef = BE3BAE922A6BDA940074FF43 /* SectionView.swift */; };
		BE3BAE952A6BDED00074FF43 /* TitleView.swift in Sources */ = {isa = PBXBuildFile; fileRef = BE3BAE942A6BDED00074FF43 /* TitleView.swift */; };
		BE3BAE972A6BDFDF0074FF43 /* ProductModel.swift in Sources */ = {isa = PBXBuildFile; fileRef = BE3BAE962A6BDFDF0074FF43 /* ProductModel.swift */; };
		BE3BAE992A6BF2F70074FF43 /* ProductItemView.swift in Sources */ = {isa = PBXBuildFile; fileRef = BE3BAE982A6BF2F70074FF43 /* ProductItemView.swift */; };
		BE3BAE9B2A6BF6080074FF43 /* BrandModel.swift in Sources */ = {isa = PBXBuildFile; fileRef = BE3BAE9A2A6BF6080074FF43 /* BrandModel.swift */; };
		BE3BAE9D2A6BF6460074FF43 /* BrandItemView.swift in Sources */ = {isa = PBXBuildFile; fileRef = BE3BAE9C2A6BF6460074FF43 /* BrandItemView.swift */; };
		BE3BAE9F2A6BF6DD0074FF43 /* BrandGridView.swift in Sources */ = {isa = PBXBuildFile; fileRef = BE3BAE9E2A6BF6DD0074FF43 /* BrandGridView.swift */; };
		BE3BAEA12A6BF8630074FF43 /* ProductDetailView.swift in Sources */ = {isa = PBXBuildFile; fileRef = BE3BAEA02A6BF8630074FF43 /* ProductDetailView.swift */; };
		BE3BAEA32A6BF98E0074FF43 /* NavigationBarDetailView.swift in Sources */ = {isa = PBXBuildFile; fileRef = BE3BAEA22A6BF98E0074FF43 /* NavigationBarDetailView.swift */; };
		BE3BAEA52A6BFA6B0074FF43 /* HeaderDetailView.swift in Sources */ = {isa = PBXBuildFile; fileRef = BE3BAEA42A6BFA6B0074FF43 /* HeaderDetailView.swift */; };
		BE3BAEA72A6BFB0B0074FF43 /* TopPartDetailView.swift in Sources */ = {isa = PBXBuildFile; fileRef = BE3BAEA62A6BFB0B0074FF43 /* TopPartDetailView.swift */; };
		BE3BAEA92A6C00690074FF43 /* CustomShape.swift in Sources */ = {isa = PBXBuildFile; fileRef = BE3BAEA82A6C00690074FF43 /* CustomShape.swift */; };
		BE3BAEAB2A6C05970074FF43 /* RatingsSizesDetailView.swift in Sources */ = {isa = PBXBuildFile; fileRef = BE3BAEAA2A6C05970074FF43 /* RatingsSizesDetailView.swift */; };
		BE3BAEAD2A6C08D50074FF43 /* QuantityFavoriteDetailView.swift in Sources */ = {isa = PBXBuildFile; fileRef = BE3BAEAC2A6C08D50074FF43 /* QuantityFavoriteDetailView.swift */; };
		BE3BAEAF2A6C0A770074FF43 /* AddToCartDetailView.swift in Sources */ = {isa = PBXBuildFile; fileRef = BE3BAEAE2A6C0A770074FF43 /* AddToCartDetailView.swift */; };
		BE3BAEB12A6C0C540074FF43 /* Shop.swift in Sources */ = {isa = PBXBuildFile; fileRef = BE3BAEB02A6C0C540074FF43 /* Shop.swift */; };
/* End PBXBuildFile section */

/* Begin PBXFileReference section */
		BE3BAE582A6BB8C10074FF43 /* AFootballStore.app */ = {isa = PBXFileReference; explicitFileType = wrapper.application; includeInIndex = 0; path = AFootballStore.app; sourceTree = BUILT_PRODUCTS_DIR; };
		BE3BAE5B2A6BB8C10074FF43 /* AFootballStoreApp.swift */ = {isa = PBXFileReference; lastKnownFileType = sourcecode.swift; path = AFootballStoreApp.swift; sourceTree = "<group>"; };
		BE3BAE5D2A6BB8C10074FF43 /* ContentView.swift */ = {isa = PBXFileReference; lastKnownFileType = sourcecode.swift; path = ContentView.swift; sourceTree = "<group>"; };
		BE3BAE5F2A6BB8C20074FF43 /* Assets.xcassets */ = {isa = PBXFileReference; lastKnownFileType = folder.assetcatalog; path = Assets.xcassets; sourceTree = "<group>"; };
		BE3BAE622A6BB8C20074FF43 /* Preview Assets.xcassets */ = {isa = PBXFileReference; lastKnownFileType = folder.assetcatalog; path = "Preview Assets.xcassets"; sourceTree = "<group>"; };
		BE3BAE6A2A6BBAB00074FF43 /* category.json */ = {isa = PBXFileReference; fileEncoding = 4; lastKnownFileType = text.json; path = category.json; sourceTree = "<group>"; };
		BE3BAE6B2A6BBAB00074FF43 /* product.json */ = {isa = PBXFileReference; fileEncoding = 4; lastKnownFileType = text.json; path = product.json; sourceTree = "<group>"; };
		BE3BAE6C2A6BBAB00074FF43 /* brand.json */ = {isa = PBXFileReference; fileEncoding = 4; lastKnownFileType = text.json; path = brand.json; sourceTree = "<group>"; };
		BE3BAE6D2A6BBAB00074FF43 /* player.json */ = {isa = PBXFileReference; fileEncoding = 4; lastKnownFileType = text.json; path = player.json; sourceTree = "<group>"; };
		BE3BAE722A6BBAEE0074FF43 /* Info.plist */ = {isa = PBXFileReference; lastKnownFileType = text.plist; path = Info.plist; sourceTree = "<group>"; };
		BE3BAE7A2A6BBBE60074FF43 /* Constant.swift */ = {isa = PBXFileReference; lastKnownFileType = sourcecode.swift; path = Constant.swift; sourceTree = "<group>"; };
		BE3BAE7C2A6BBC6B0074FF43 /* FooterView.swift */ = {isa = PBXFileReference; lastKnownFileType = sourcecode.swift; path = FooterView.swift; sourceTree = "<group>"; };
		BE3BAE7E2A6BBEF60074FF43 /* NavigationBarView.swift */ = {isa = PBXFileReference; lastKnownFileType = sourcecode.swift; path = NavigationBarView.swift; sourceTree = "<group>"; };
		BE3BAE802A6BBFFB0074FF43 /* LogoView.swift */ = {isa = PBXFileReference; lastKnownFileType = sourcecode.swift; path = LogoView.swift; sourceTree = "<group>"; };
		BE3BAE822A6BC59B0074FF43 /* SafeAreaInsets.swift */ = {isa = PBXFileReference; lastKnownFileType = sourcecode.swift; path = SafeAreaInsets.swift; sourceTree = "<group>"; };
		BE3BAE842A6BD05E0074FF43 /* PlayerModel.swift */ = {isa = PBXFileReference; lastKnownFileType = sourcecode.swift; path = PlayerModel.swift; sourceTree = "<group>"; };
		BE3BAE862A6BD0830074FF43 /* CodableBundleExtension.swift */ = {isa = PBXFileReference; lastKnownFileType = sourcecode.swift; path = CodableBundleExtension.swift; sourceTree = "<group>"; };
		BE3BAE882A6BD1E30074FF43 /* FeaturedItemView.swift */ = {isa = PBXFileReference; lastKnownFileType = sourcecode.swift; path = FeaturedItemView.swift; sourceTree = "<group>"; };
		BE3BAE8A2A6BD24E0074FF43 /* FeaturedTabView.swift */ = {isa = PBXFileReference; lastKnownFileType = sourcecode.swift; path = FeaturedTabView.swift; sourceTree = "<group>"; };
		BE3BAE8C2A6BD6F00074FF43 /* CategoryModel.swift */ = {isa = PBXFileReference; lastKnownFileType = sourcecode.swift; path = CategoryModel.swift; sourceTree = "<group>"; };
		BE3BAE8E2A6BD7AE0074FF43 /* CategoryItemView.swift */ = {isa = PBXFileReference; lastKnownFileType = sourcecode.swift; path = CategoryItemView.swift; sourceTree = "<group>"; };
		BE3BAE902A6BD8FC0074FF43 /* CategoryGridView.swift */ = {isa = PBXFileReference; lastKnownFileType = sourcecode.swift; path = CategoryGridView.swift; sourceTree = "<group>"; };
		BE3BAE922A6BDA940074FF43 /* SectionView.swift */ = {isa = PBXFileReference; lastKnownFileType = sourcecode.swift; path = SectionView.swift; sourceTree = "<group>"; };
		BE3BAE942A6BDED00074FF43 /* TitleView.swift */ = {isa = PBXFileReference; lastKnownFileType = sourcecode.swift; path = TitleView.swift; sourceTree = "<group>"; };
		BE3BAE962A6BDFDF0074FF43 /* ProductModel.swift */ = {isa = PBXFileReference; lastKnownFileType = sourcecode.swift; path = ProductModel.swift; sourceTree = "<group>"; };
		BE3BAE982A6BF2F70074FF43 /* ProductItemView.swift */ = {isa = PBXFileReference; lastKnownFileType = sourcecode.swift; path = ProductItemView.swift; sourceTree = "<group>"; };
		BE3BAE9A2A6BF6080074FF43 /* BrandModel.swift */ = {isa = PBXFileReference; lastKnownFileType = sourcecode.swift; path = BrandModel.swift; sourceTree = "<group>"; };
		BE3BAE9C2A6BF6460074FF43 /* BrandItemView.swift */ = {isa = PBXFileReference; lastKnownFileType = sourcecode.swift; path = BrandItemView.swift; sourceTree = "<group>"; };
		BE3BAE9E2A6BF6DD0074FF43 /* BrandGridView.swift */ = {isa = PBXFileReference; lastKnownFileType = sourcecode.swift; path = BrandGridView.swift; sourceTree = "<group>"; };
		BE3BAEA02A6BF8630074FF43 /* ProductDetailView.swift */ = {isa = PBXFileReference; lastKnownFileType = sourcecode.swift; path = ProductDetailView.swift; sourceTree = "<group>"; };
		BE3BAEA22A6BF98E0074FF43 /* NavigationBarDetailView.swift */ = {isa = PBXFileReference; lastKnownFileType = sourcecode.swift; path = NavigationBarDetailView.swift; sourceTree = "<group>"; };
		BE3BAEA42A6BFA6B0074FF43 /* HeaderDetailView.swift */ = {isa = PBXFileReference; lastKnownFileType = sourcecode.swift; path = HeaderDetailView.swift; sourceTree = "<group>"; };
		BE3BAEA62A6BFB0B0074FF43 /* TopPartDetailView.swift */ = {isa = PBXFileReference; lastKnownFileType = sourcecode.swift; path = TopPartDetailView.swift; sourceTree = "<group>"; };
		BE3BAEA82A6C00690074FF43 /* CustomShape.swift */ = {isa = PBXFileReference; lastKnownFileType = sourcecode.swift; path = CustomShape.swift; sourceTree = "<group>"; };
		BE3BAEAA2A6C05970074FF43 /* RatingsSizesDetailView.swift */ = {isa = PBXFileReference; lastKnownFileType = sourcecode.swift; path = RatingsSizesDetailView.swift; sourceTree = "<group>"; };
		BE3BAEAC2A6C08D50074FF43 /* QuantityFavoriteDetailView.swift */ = {isa = PBXFileReference; lastKnownFileType = sourcecode.swift; path = QuantityFavoriteDetailView.swift; sourceTree = "<group>"; };
		BE3BAEAE2A6C0A770074FF43 /* AddToCartDetailView.swift */ = {isa = PBXFileReference; lastKnownFileType = sourcecode.swift; path = AddToCartDetailView.swift; sourceTree = "<group>"; };
		BE3BAEB02A6C0C540074FF43 /* Shop.swift */ = {isa = PBXFileReference; lastKnownFileType = sourcecode.swift; path = Shop.swift; sourceTree = "<group>"; };
/* End PBXFileReference section */

/* Begin PBXFrameworksBuildPhase section */
		BE3BAE552A6BB8C10074FF43 /* Frameworks */ = {
			isa = PBXFrameworksBuildPhase;
			buildActionMask = 2147483647;
			files = (
			);
			runOnlyForDeploymentPostprocessing = 0;
		};
/* End PBXFrameworksBuildPhase section */

/* Begin PBXGroup section */
		BE3BAE4F2A6BB8C00074FF43 = {
			isa = PBXGroup;
			children = (
				BE3BAE5A2A6BB8C10074FF43 /* AFootballStore */,
				BE3BAE592A6BB8C10074FF43 /* Products */,
			);
			sourceTree = "<group>";
		};
		BE3BAE592A6BB8C10074FF43 /* Products */ = {
			isa = PBXGroup;
			children = (
				BE3BAE582A6BB8C10074FF43 /* AFootballStore.app */,
			);
			name = Products;
			sourceTree = "<group>";
		};
		BE3BAE5A2A6BB8C10074FF43 /* AFootballStore */ = {
			isa = PBXGroup;
			children = (
				BE3BAE732A6BBB520074FF43 /* App */,
				BE3BAE742A6BBB5A0074FF43 /* View */,
				BE3BAE772A6BBB700074FF43 /* Model */,
				BE3BAE692A6BBA8B0074FF43 /* Data */,
				BE3BAE792A6BBB870074FF43 /* Utility */,
				BE3BAE782A6BBB7C0074FF43 /* Extension */,
				BE3BAE722A6BBAEE0074FF43 /* Info.plist */,
				BE3BAE5F2A6BB8C20074FF43 /* Assets.xcassets */,
				BE3BAE612A6BB8C20074FF43 /* Preview Content */,
			);
			path = AFootballStore;
			sourceTree = "<group>";
		};
		BE3BAE612A6BB8C20074FF43 /* Preview Content */ = {
			isa = PBXGroup;
			children = (
				BE3BAE622A6BB8C20074FF43 /* Preview Assets.xcassets */,
			);
			path = "Preview Content";
			sourceTree = "<group>";
		};
		BE3BAE692A6BBA8B0074FF43 /* Data */ = {
			isa = PBXGroup;
			children = (
				BE3BAE6C2A6BBAB00074FF43 /* brand.json */,
				BE3BAE6A2A6BBAB00074FF43 /* category.json */,
				BE3BAE6D2A6BBAB00074FF43 /* player.json */,
				BE3BAE6B2A6BBAB00074FF43 /* product.json */,
			);
			path = Data;
			sourceTree = "<group>";
		};
		BE3BAE732A6BBB520074FF43 /* App */ = {
			isa = PBXGroup;
			children = (
				BE3BAE5B2A6BB8C10074FF43 /* AFootballStoreApp.swift */,
				BE3BAE5D2A6BB8C10074FF43 /* ContentView.swift */,
				BE3BAEA02A6BF8630074FF43 /* ProductDetailView.swift */,
			);
			path = App;
			sourceTree = "<group>";
		};
		BE3BAE742A6BBB5A0074FF43 /* View */ = {
			isa = PBXGroup;
			children = (
				BE3BAE762A6BBB6B0074FF43 /* Detail */,
				BE3BAE752A6BBB650074FF43 /* Home */,
			);
			path = View;
			sourceTree = "<group>";
		};
		BE3BAE752A6BBB650074FF43 /* Home */ = {
			isa = PBXGroup;
			children = (
				BE3BAE7C2A6BBC6B0074FF43 /* FooterView.swift */,
				BE3BAE7E2A6BBEF60074FF43 /* NavigationBarView.swift */,
				BE3BAE802A6BBFFB0074FF43 /* LogoView.swift */,
				BE3BAE882A6BD1E30074FF43 /* FeaturedItemView.swift */,
				BE3BAE8A2A6BD24E0074FF43 /* FeaturedTabView.swift */,
				BE3BAE8E2A6BD7AE0074FF43 /* CategoryItemView.swift */,
				BE3BAE902A6BD8FC0074FF43 /* CategoryGridView.swift */,
				BE3BAE922A6BDA940074FF43 /* SectionView.swift */,
				BE3BAE942A6BDED00074FF43 /* TitleView.swift */,
				BE3BAE982A6BF2F70074FF43 /* ProductItemView.swift */,
				BE3BAE9C2A6BF6460074FF43 /* BrandItemView.swift */,
				BE3BAE9E2A6BF6DD0074FF43 /* BrandGridView.swift */,
			);
			path = Home;
			sourceTree = "<group>";
		};
		BE3BAE762A6BBB6B0074FF43 /* Detail */ = {
			isa = PBXGroup;
			children = (
				BE3BAEA22A6BF98E0074FF43 /* NavigationBarDetailView.swift */,
				BE3BAEA42A6BFA6B0074FF43 /* HeaderDetailView.swift */,
				BE3BAEA62A6BFB0B0074FF43 /* TopPartDetailView.swift */,
				BE3BAEAA2A6C05970074FF43 /* RatingsSizesDetailView.swift */,
				BE3BAEAC2A6C08D50074FF43 /* QuantityFavoriteDetailView.swift */,
				BE3BAEAE2A6C0A770074FF43 /* AddToCartDetailView.swift */,
			);
			path = Detail;
			sourceTree = "<group>";
		};
		BE3BAE772A6BBB700074FF43 /* Model */ = {
			isa = PBXGroup;
			children = (
				BE3BAE842A6BD05E0074FF43 /* PlayerModel.swift */,
				BE3BAE8C2A6BD6F00074FF43 /* CategoryModel.swift */,
				BE3BAE962A6BDFDF0074FF43 /* ProductModel.swift */,
				BE3BAE9A2A6BF6080074FF43 /* BrandModel.swift */,
			);
			path = Model;
			sourceTree = "<group>";
		};
		BE3BAE782A6BBB7C0074FF43 /* Extension */ = {
			isa = PBXGroup;
			children = (
				BE3BAE862A6BD0830074FF43 /* CodableBundleExtension.swift */,
			);
			path = Extension;
			sourceTree = "<group>";
		};
		BE3BAE792A6BBB870074FF43 /* Utility */ = {
			isa = PBXGroup;
			children = (
				BE3BAE7A2A6BBBE60074FF43 /* Constant.swift */,
				BE3BAE822A6BC59B0074FF43 /* SafeAreaInsets.swift */,
				BE3BAEA82A6C00690074FF43 /* CustomShape.swift */,
				BE3BAEB02A6C0C540074FF43 /* Shop.swift */,
			);
			path = Utility;
			sourceTree = "<group>";
		};
/* End PBXGroup section */

/* Begin PBXNativeTarget section */
		BE3BAE572A6BB8C10074FF43 /* AFootballStore */ = {
			isa = PBXNativeTarget;
			buildConfigurationList = BE3BAE662A6BB8C20074FF43 /* Build configuration list for PBXNativeTarget "AFootballStore" */;
			buildPhases = (
				BE3BAE542A6BB8C10074FF43 /* Sources */,
				BE3BAE552A6BB8C10074FF43 /* Frameworks */,
				BE3BAE562A6BB8C10074FF43 /* Resources */,
			);
			buildRules = (
			);
			dependencies = (
			);
			name = AFootballStore;
			productName = HelmetWorld;
			productReference = BE3BAE582A6BB8C10074FF43 /* AFootballStore.app */;
			productType = "com.apple.product-type.application";
		};
/* End PBXNativeTarget section */

/* Begin PBXProject section */
		BE3BAE502A6BB8C00074FF43 /* Project object */ = {
			isa = PBXProject;
			attributes = {
				BuildIndependentTargetsInParallel = 1;
				LastSwiftUpdateCheck = 1430;
				LastUpgradeCheck = 1430;
				TargetAttributes = {
					BE3BAE572A6BB8C10074FF43 = {
						CreatedOnToolsVersion = 14.3.1;
					};
				};
			};
			buildConfigurationList = BE3BAE532A6BB8C00074FF43 /* Build configuration list for PBXProject "AFootballStore" */;
			compatibilityVersion = "Xcode 14.0";
			developmentRegion = en;
			hasScannedForEncodings = 0;
			knownRegions = (
				en,
				Base,
			);
			mainGroup = BE3BAE4F2A6BB8C00074FF43;
			productRefGroup = BE3BAE592A6BB8C10074FF43 /* Products */;
			projectDirPath = "";
			projectRoot = "";
			targets = (
				BE3BAE572A6BB8C10074FF43 /* AFootballStore */,
			);
		};
/* End PBXProject section */

/* Begin PBXResourcesBuildPhase section */
		BE3BAE562A6BB8C10074FF43 /* Resources */ = {
			isa = PBXResourcesBuildPhase;
			buildActionMask = 2147483647;
			files = (
				BE3BAE712A6BBAB00074FF43 /* player.json in Resources */,
				BE3BAE6E2A6BBAB00074FF43 /* category.json in Resources */,
				BE3BAE702A6BBAB00074FF43 /* brand.json in Resources */,
				BE3BAE6F2A6BBAB00074FF43 /* product.json in Resources */,
				BE3BAE632A6BB8C20074FF43 /* Preview Assets.xcassets in Resources */,
				BE3BAE602A6BB8C20074FF43 /* Assets.xcassets in Resources */,
			);
			runOnlyForDeploymentPostprocessing = 0;
		};
/* End PBXResourcesBuildPhase section */

/* Begin PBXSourcesBuildPhase section */
		BE3BAE542A6BB8C10074FF43 /* Sources */ = {
			isa = PBXSourcesBuildPhase;
			buildActionMask = 2147483647;
			files = (
				BE3BAE912A6BD8FC0074FF43 /* CategoryGridView.swift in Sources */,
				BE3BAE5E2A6BB8C10074FF43 /* ContentView.swift in Sources */,
				BE3BAE932A6BDA940074FF43 /* SectionView.swift in Sources */,
				BE3BAEB12A6C0C540074FF43 /* Shop.swift in Sources */,
				BE3BAE972A6BDFDF0074FF43 /* ProductModel.swift in Sources */,
				BE3BAEAD2A6C08D50074FF43 /* QuantityFavoriteDetailView.swift in Sources */,
				BE3BAE8D2A6BD6F00074FF43 /* CategoryModel.swift in Sources */,
				BE3BAE812A6BBFFB0074FF43 /* LogoView.swift in Sources */,
				BE3BAE852A6BD05E0074FF43 /* PlayerModel.swift in Sources */,
				BE3BAE9F2A6BF6DD0074FF43 /* BrandGridView.swift in Sources */,
				BE3BAEA52A6BFA6B0074FF43 /* HeaderDetailView.swift in Sources */,
				BE3BAEAF2A6C0A770074FF43 /* AddToCartDetailView.swift in Sources */,
				BE3BAEA72A6BFB0B0074FF43 /* TopPartDetailView.swift in Sources */,
				BE3BAE7D2A6BBC6B0074FF43 /* FooterView.swift in Sources */,
				BE3BAE952A6BDED00074FF43 /* TitleView.swift in Sources */,
				BE3BAEA92A6C00690074FF43 /* CustomShape.swift in Sources */,
				BE3BAEA32A6BF98E0074FF43 /* NavigationBarDetailView.swift in Sources */,
				BE3BAEAB2A6C05970074FF43 /* RatingsSizesDetailView.swift in Sources */,
				BE3BAE992A6BF2F70074FF43 /* ProductItemView.swift in Sources */,
				BE3BAE5C2A6BB8C10074FF43 /* AFootballStoreApp.swift in Sources */,
				BE3BAE7B2A6BBBE60074FF43 /* Constant.swift in Sources */,
				BE3BAEA12A6BF8630074FF43 /* ProductDetailView.swift in Sources */,
				BE3BAE8B2A6BD24E0074FF43 /* FeaturedTabView.swift in Sources */,
				BE3BAE7F2A6BBEF60074FF43 /* NavigationBarView.swift in Sources */,
				BE3BAE892A6BD1E30074FF43 /* FeaturedItemView.swift in Sources */,
				BE3BAE9D2A6BF6460074FF43 /* BrandItemView.swift in Sources */,
				BE3BAE8F2A6BD7AE0074FF43 /* CategoryItemView.swift in Sources */,
				BE3BAE832A6BC59B0074FF43 /* SafeAreaInsets.swift in Sources */,
				BE3BAE872A6BD0830074FF43 /* CodableBundleExtension.swift in Sources */,
				BE3BAE9B2A6BF6080074FF43 /* BrandModel.swift in Sources */,
			);
			runOnlyForDeploymentPostprocessing = 0;
		};
/* End PBXSourcesBuildPhase section */

/* Begin XCBuildConfiguration section */
		BE3BAE642A6BB8C20074FF43 /* Debug */ = {
			isa = XCBuildConfiguration;
			buildSettings = {
				ALWAYS_SEARCH_USER_PATHS = NO;
				CLANG_ANALYZER_NONNULL = YES;
				CLANG_ANALYZER_NUMBER_OBJECT_CONVERSION = YES_AGGRESSIVE;
				CLANG_CXX_LANGUAGE_STANDARD = "gnu++20";
				CLANG_ENABLE_MODULES = YES;
				CLANG_ENABLE_OBJC_ARC = YES;
				CLANG_ENABLE_OBJC_WEAK = YES;
				CLANG_WARN_BLOCK_CAPTURE_AUTORELEASING = YES;
				CLANG_WARN_BOOL_CONVERSION = YES;
				CLANG_WARN_COMMA = YES;
				CLANG_WARN_CONSTANT_CONVERSION = YES;
				CLANG_WARN_DEPRECATED_OBJC_IMPLEMENTATIONS = YES;
				CLANG_WARN_DIRECT_OBJC_ISA_USAGE = YES_ERROR;
				CLANG_WARN_DOCUMENTATION_COMMENTS = YES;
				CLANG_WARN_EMPTY_BODY = YES;
				CLANG_WARN_ENUM_CONVERSION = YES;
				CLANG_WARN_INFINITE_RECURSION = YES;
				CLANG_WARN_INT_CONVERSION = YES;
				CLANG_WARN_NON_LITERAL_NULL_CONVERSION = YES;
				CLANG_WARN_OBJC_IMPLICIT_RETAIN_SELF = YES;
				CLANG_WARN_OBJC_LITERAL_CONVERSION = YES;
				CLANG_WARN_OBJC_ROOT_CLASS = YES_ERROR;
				CLANG_WARN_QUOTED_INCLUDE_IN_FRAMEWORK_HEADER = YES;
				CLANG_WARN_RANGE_LOOP_ANALYSIS = YES;
				CLANG_WARN_STRICT_PROTOTYPES = YES;
				CLANG_WARN_SUSPICIOUS_MOVE = YES;
				CLANG_WARN_UNGUARDED_AVAILABILITY = YES_AGGRESSIVE;
				CLANG_WARN_UNREACHABLE_CODE = YES;
				CLANG_WARN__DUPLICATE_METHOD_MATCH = YES;
				COPY_PHASE_STRIP = NO;
				DEBUG_INFORMATION_FORMAT = dwarf;
				ENABLE_STRICT_OBJC_MSGSEND = YES;
				ENABLE_TESTABILITY = YES;
				GCC_C_LANGUAGE_STANDARD = gnu11;
				GCC_DYNAMIC_NO_PIC = NO;
				GCC_NO_COMMON_BLOCKS = YES;
				GCC_OPTIMIZATION_LEVEL = 0;
				GCC_PREPROCESSOR_DEFINITIONS = (
					"DEBUG=1",
					"$(inherited)",
				);
				GCC_WARN_64_TO_32_BIT_CONVERSION = YES;
				GCC_WARN_ABOUT_RETURN_TYPE = YES_ERROR;
				GCC_WARN_UNDECLARED_SELECTOR = YES;
				GCC_WARN_UNINITIALIZED_AUTOS = YES_AGGRESSIVE;
				GCC_WARN_UNUSED_FUNCTION = YES;
				GCC_WARN_UNUSED_VARIABLE = YES;
				IPHONEOS_DEPLOYMENT_TARGET = 16.4;
				MTL_ENABLE_DEBUG_INFO = INCLUDE_SOURCE;
				MTL_FAST_MATH = YES;
				ONLY_ACTIVE_ARCH = YES;
				SDKROOT = iphoneos;
				SWIFT_ACTIVE_COMPILATION_CONDITIONS = DEBUG;
				SWIFT_OPTIMIZATION_LEVEL = "-Onone";
			};
			name = Debug;
		};
		BE3BAE652A6BB8C20074FF43 /* Release */ = {
			isa = XCBuildConfiguration;
			buildSettings = {
				ALWAYS_SEARCH_USER_PATHS = NO;
				CLANG_ANALYZER_NONNULL = YES;
				CLANG_ANALYZER_NUMBER_OBJECT_CONVERSION = YES_AGGRESSIVE;
				CLANG_CXX_LANGUAGE_STANDARD = "gnu++20";
				CLANG_ENABLE_MODULES = YES;
				CLANG_ENABLE_OBJC_ARC = YES;
				CLANG_ENABLE_OBJC_WEAK = YES;
				CLANG_WARN_BLOCK_CAPTURE_AUTORELEASING = YES;
				CLANG_WARN_BOOL_CONVERSION = YES;
				CLANG_WARN_COMMA = YES;
				CLANG_WARN_CONSTANT_CONVERSION = YES;
				CLANG_WARN_DEPRECATED_OBJC_IMPLEMENTATIONS = YES;
				CLANG_WARN_DIRECT_OBJC_ISA_USAGE = YES_ERROR;
				CLANG_WARN_DOCUMENTATION_COMMENTS = YES;
				CLANG_WARN_EMPTY_BODY = YES;
				CLANG_WARN_ENUM_CONVERSION = YES;
				CLANG_WARN_INFINITE_RECURSION = YES;
				CLANG_WARN_INT_CONVERSION = YES;
				CLANG_WARN_NON_LITERAL_NULL_CONVERSION = YES;
				CLANG_WARN_OBJC_IMPLICIT_RETAIN_SELF = YES;
				CLANG_WARN_OBJC_LITERAL_CONVERSION = YES;
				CLANG_WARN_OBJC_ROOT_CLASS = YES_ERROR;
				CLANG_WARN_QUOTED_INCLUDE_IN_FRAMEWORK_HEADER = YES;
				CLANG_WARN_RANGE_LOOP_ANALYSIS = YES;
				CLANG_WARN_STRICT_PROTOTYPES = YES;
				CLANG_WARN_SUSPICIOUS_MOVE = YES;
				CLANG_WARN_UNGUARDED_AVAILABILITY = YES_AGGRESSIVE;
				CLANG_WARN_UNREACHABLE_CODE = YES;
				CLANG_WARN__DUPLICATE_METHOD_MATCH = YES;
				COPY_PHASE_STRIP = NO;
				DEBUG_INFORMATION_FORMAT = "dwarf-with-dsym";
				ENABLE_NS_ASSERTIONS = NO;
				ENABLE_STRICT_OBJC_MSGSEND = YES;
				GCC_C_LANGUAGE_STANDARD = gnu11;
				GCC_NO_COMMON_BLOCKS = YES;
				GCC_WARN_64_TO_32_BIT_CONVERSION = YES;
				GCC_WARN_ABOUT_RETURN_TYPE = YES_ERROR;
				GCC_WARN_UNDECLARED_SELECTOR = YES;
				GCC_WARN_UNINITIALIZED_AUTOS = YES_AGGRESSIVE;
				GCC_WARN_UNUSED_FUNCTION = YES;
				GCC_WARN_UNUSED_VARIABLE = YES;
				IPHONEOS_DEPLOYMENT_TARGET = 16.4;
				MTL_ENABLE_DEBUG_INFO = NO;
				MTL_FAST_MATH = YES;
				SDKROOT = iphoneos;
				SWIFT_COMPILATION_MODE = wholemodule;
				SWIFT_OPTIMIZATION_LEVEL = "-O";
				VALIDATE_PRODUCT = YES;
			};
			name = Release;
		};
		BE3BAE672A6BB8C20074FF43 /* Debug */ = {
			isa = XCBuildConfiguration;
			buildSettings = {
				ASSETCATALOG_COMPILER_APPICON_NAME = AppIcon;
				ASSETCATALOG_COMPILER_GLOBAL_ACCENT_COLOR_NAME = AccentColor;
				CODE_SIGN_STYLE = Automatic;
				CURRENT_PROJECT_VERSION = 1;
				DEVELOPMENT_ASSET_PATHS = "\"AFootballStore/Preview Content\"";
				DEVELOPMENT_TEAM = TB9FQULP95;
				ENABLE_PREVIEWS = YES;
				GENERATE_INFOPLIST_FILE = YES;
				INFOPLIST_FILE = AFootballStore/Info.plist;
				INFOPLIST_KEY_CFBundleDisplayName = AFootballStore;
				INFOPLIST_KEY_UIApplicationSceneManifest_Generation = YES;
				INFOPLIST_KEY_UIApplicationSupportsIndirectInputEvents = YES;
				INFOPLIST_KEY_UISupportedInterfaceOrientations = UIInterfaceOrientationPortrait;
				INFOPLIST_KEY_UIUserInterfaceStyle = Light;
				LD_RUNPATH_SEARCH_PATHS = (
					"$(inherited)",
					"@executable_path/Frameworks",
				);
				MARKETING_VERSION = 1.0;
				PRODUCT_BUNDLE_IDENTIFIER = com.vedatozlu.AFootballStore;
				PRODUCT_NAME = "$(TARGET_NAME)";
				SWIFT_EMIT_LOC_STRINGS = YES;
				SWIFT_VERSION = 5.0;
				TARGETED_DEVICE_FAMILY = "1,2";
			};
			name = Debug;
		};
		BE3BAE682A6BB8C20074FF43 /* Release */ = {
			isa = XCBuildConfiguration;
			buildSettings = {
				ASSETCATALOG_COMPILER_APPICON_NAME = AppIcon;
				ASSETCATALOG_COMPILER_GLOBAL_ACCENT_COLOR_NAME = AccentColor;
				CODE_SIGN_STYLE = Automatic;
				CURRENT_PROJECT_VERSION = 1;
				DEVELOPMENT_ASSET_PATHS = "\"AFootballStore/Preview Content\"";
				DEVELOPMENT_TEAM = TB9FQULP95;
				ENABLE_PREVIEWS = YES;
				GENERATE_INFOPLIST_FILE = YES;
				INFOPLIST_FILE = AFootballStore/Info.plist;
				INFOPLIST_KEY_CFBundleDisplayName = AFootballStore;
				INFOPLIST_KEY_UIApplicationSceneManifest_Generation = YES;
				INFOPLIST_KEY_UIApplicationSupportsIndirectInputEvents = YES;
				INFOPLIST_KEY_UISupportedInterfaceOrientations = UIInterfaceOrientationPortrait;
				INFOPLIST_KEY_UIUserInterfaceStyle = Light;
				LD_RUNPATH_SEARCH_PATHS = (
					"$(inherited)",
					"@executable_path/Frameworks",
				);
				MARKETING_VERSION = 1.0;
				PRODUCT_BUNDLE_IDENTIFIER = com.vedatozlu.AFootballStore;
				PRODUCT_NAME = "$(TARGET_NAME)";
				SWIFT_EMIT_LOC_STRINGS = YES;
				SWIFT_VERSION = 5.0;
				TARGETED_DEVICE_FAMILY = "1,2";
			};
			name = Release;
		};
/* End XCBuildConfiguration section */

/* Begin XCConfigurationList section */
		BE3BAE532A6BB8C00074FF43 /* Build configuration list for PBXProject "AFootballStore" */ = {
			isa = XCConfigurationList;
			buildConfigurations = (
				BE3BAE642A6BB8C20074FF43 /* Debug */,
				BE3BAE652A6BB8C20074FF43 /* Release */,
			);
			defaultConfigurationIsVisible = 0;
			defaultConfigurationName = Release;
		};
		BE3BAE662A6BB8C20074FF43 /* Build configuration list for PBXNativeTarget "AFootballStore" */ = {
			isa = XCConfigurationList;
			buildConfigurations = (
				BE3BAE672A6BB8C20074FF43 /* Debug */,
				BE3BAE682A6BB8C20074FF43 /* Release */,
			);
			defaultConfigurationIsVisible = 0;
			defaultConfigurationName = Release;
		};
/* End XCConfigurationList section */
	};
	rootObject = BE3BAE502A6BB8C00074FF43 /* Project object */;
}
